
Microsoft Visual Studio Solution File, Format Version 12.00
# Visual Studio 15
VisualStudioVersion = 15.0.28307.168
MinimumVisualStudioVersion = 10.0.40219.1
Project("{FAE04EC0-301F-11D3-BF4B-00C04F79EFBC}") = "FirstMVC", "FirstMVC\FirstMVC.csproj", "{85BE5523-DA11-4ECD-9F86-B220D0A2E4AE}"
EndProject
Global
	GlobalSection(SolutionConfigurationPlatforms) = preSolution
		Debug|Any CPU = Debug|Any CPU
		Release|Any CPU = Release|Any CPU
	EndGlobalSection
	GlobalSection(ProjectConfigurationPlatforms) = postSolution
		{85BE5523-DA11-4ECD-9F86-B220D0A2E4AE}.Debug|Any CPU.ActiveCfg = Debug|Any CPU
		{85BE5523-DA11-4ECD-9F86-B220D0A2E4AE}.Debug|Any CPU.Build.0 = Debug|Any CPU
		{85BE5523-DA11-4ECD-9F86-B220D0A2E4AE}.Release|Any CPU.ActiveCfg = Release|Any CPU
		{85BE5523-DA11-4ECD-9F86-B220D0A2E4AE}.Release|Any CPU.Build.0 = Release|Any CPU
	EndGlobalSection
	GlobalSection(SolutionProperties) = preSolution
		HideSolutionNode = FALSE
	EndGlobalSection
	GlobalSection(ExtensibilityGlobals) = postSolution
		SolutionGuid = {908A9E1B-A14E-4C12-96C6-597DC1F6F3CF}
	EndGlobalSection
EndGlobal
